
Microsoft Visual Studio Solution File, Format Version 12.00
# Visual Studio Version 17
VisualStudioVersion = 17.14.36717.8 d17.14
MinimumVisualStudioVersion = 10.0.40219.1
Project("{FAE04EC0-301F-11D3-BF4B-00C04F79EFBC}") = "WebLibrary", "WebLibrary\WebLibrary.csproj", "{5908302C-852F-4B10-BF4A-71BE2D5DF9EA}"
EndProject
Global
	GlobalSection(SolutionConfigurationPlatforms) = preSolution
		Debug|Any CPU = Debug|Any CPU
		Release|Any CPU = Release|Any CPU
	EndGlobalSection
	GlobalSection(ProjectConfigurationPlatforms) = postSolution
		{5908302C-852F-4B10-BF4A-71BE2D5DF9EA}.Debug|Any CPU.ActiveCfg = Debug|Any CPU
		{5908302C-852F-4B10-BF4A-71BE2D5DF9EA}.Debug|Any CPU.Build.0 = Debug|Any CPU
		{5908302C-852F-4B10-BF4A-71BE2D5DF9EA}.Release|Any CPU.ActiveCfg = Release|Any CPU
		{5908302C-852F-4B10-BF4A-71BE2D5DF9EA}.Release|Any CPU.Build.0 = Release|Any CPU
	EndGlobalSection
	GlobalSection(SolutionProperties) = preSolution
		HideSolutionNode = FALSE
	EndGlobalSection
	GlobalSection(ExtensibilityGlobals) = postSolution
		SolutionGuid = {771D8437-2B7D-4AB4-A8D7-5EC0A37C847A}
	EndGlobalSection
EndGlobal
